
Microsoft Visual Studio Solution File, Format Version 12.00
# Visual Studio Version 17
VisualStudioVersion = 17.14.36310.24 d17.14
MinimumVisualStudioVersion = 10.0.40219.1
Project("{8BC9CEB8-8B4A-11D0-8D11-00A0C91BC942}") = "ArrayList", "ArrayList\ArrayList.vcxproj", "{23480E52-2BD4-4443-B319-90E1E7881412}"
EndProject
Global
	GlobalSection(SolutionConfigurationPlatforms) = preSolution
		Debug|x64 = Debug|x64
		Debug|x86 = Debug|x86
		Release|x64 = Release|x64
		Release|x86 = Release|x86
	EndGlobalSection
	GlobalSection(ProjectConfigurationPlatforms) = postSolution
		{23480E52-2BD4-4443-B319-90E1E7881412}.Debug|x64.ActiveCfg = Debug|x64
		{23480E52-2BD4-4443-B319-90E1E7881412}.Debug|x64.Build.0 = Debug|x64
		{23480E52-2BD4-4443-B319-90E1E7881412}.Debug|x86.ActiveCfg = Debug|Win32
		{23480E52-2BD4-4443-B319-90E1E7881412}.Debug|x86.Build.0 = Debug|Win32
		{23480E52-2BD4-4443-B319-90E1E7881412}.Release|x64.ActiveCfg = Release|x64
		{23480E52-2BD4-4443-B319-90E1E7881412}.Release|x64.Build.0 = Release|x64
		{23480E52-2BD4-4443-B319-90E1E7881412}.Release|x86.ActiveCfg = Release|Win32
		{23480E52-2BD4-4443-B319-90E1E7881412}.Release|x86.Build.0 = Release|Win32
	EndGlobalSection
	GlobalSection(SolutionProperties) = preSolution
		HideSolutionNode = FALSE
	EndGlobalSection
	GlobalSection(ExtensibilityGlobals) = postSolution
		SolutionGuid = {F667A34B-50BE-4E92-AA78-31C5E965972B}
	EndGlobalSection
EndGlobal
