
Microsoft Visual Studio Solution File, Format Version 12.00
# Visual Studio Version 17
VisualStudioVersion = 17.14.36310.24 d17.14
MinimumVisualStudioVersion = 10.0.40219.1
Project("{8BC9CEB8-8B4A-11D0-8D11-00A0C91BC942}") = "SimpleQueueArray", "SimpleQueueArray\SimpleQueueArray.vcxproj", "{254668D6-7014-40F7-9E8B-B61D4D36372B}"
EndProject
Global
	GlobalSection(SolutionConfigurationPlatforms) = preSolution
		Debug|x64 = Debug|x64
		Debug|x86 = Debug|x86
		Release|x64 = Release|x64
		Release|x86 = Release|x86
	EndGlobalSection
	GlobalSection(ProjectConfigurationPlatforms) = postSolution
		{254668D6-7014-40F7-9E8B-B61D4D36372B}.Debug|x64.ActiveCfg = Debug|x64
		{254668D6-7014-40F7-9E8B-B61D4D36372B}.Debug|x64.Build.0 = Debug|x64
		{254668D6-7014-40F7-9E8B-B61D4D36372B}.Debug|x86.ActiveCfg = Debug|Win32
		{254668D6-7014-40F7-9E8B-B61D4D36372B}.Debug|x86.Build.0 = Debug|Win32
		{254668D6-7014-40F7-9E8B-B61D4D36372B}.Release|x64.ActiveCfg = Release|x64
		{254668D6-7014-40F7-9E8B-B61D4D36372B}.Release|x64.Build.0 = Release|x64
		{254668D6-7014-40F7-9E8B-B61D4D36372B}.Release|x86.ActiveCfg = Release|Win32
		{254668D6-7014-40F7-9E8B-B61D4D36372B}.Release|x86.Build.0 = Release|Win32
	EndGlobalSection
	GlobalSection(SolutionProperties) = preSolution
		HideSolutionNode = FALSE
	EndGlobalSection
	GlobalSection(ExtensibilityGlobals) = postSolution
		SolutionGuid = {E5C26E5D-C4E8-4768-B9AE-ACDE567996FC}
	EndGlobalSection
EndGlobal
